<?xml version="1.0" encoding="utf-8"?>
<Project ToolsVersion="4.0" xmlns="http://schemas.microsoft.com/developer/msbuild/2003">
  <ItemGroup>
    <Filter Include="Source Files">
      <UniqueIdentifier>{4FC737F1-C7A5-4376-A066-2A32D752A2FF}</UniqueIdentifier>
      <Extensions>cpp;c;cc;cxx;c++;cppm;ixx;def;odl;idl;hpj;bat;asm;asmx</Extensions>
    </Filter>
    <Filter Include="Header Files">
      <UniqueIdentifier>{93995380-89BD-4b04-88EB-625FBE52EBFB}</UniqueIdentifier>
      <Extensions>h;hh;hpp;hxx;h++;hm;inl;inc;ipp;xsd</Extensions>
    </Filter>
    <Filter Include="Resource Files">
      <UniqueIdentifier>{67DA6AB6-F800-4c08-8B7A-83BB121AAD01}</UniqueIdentifier>
      <Extensions>rc;ico;cur;bmp;dlg;rc2;rct;bin;rgs;gif;jpg;jpeg;jpe;resx;tiff;tif;png;wav;mfcribbon-ms</Extensions>
    </Filter>
  </ItemGroup>
  <ItemGroup>
    <ClInclude Include="include\extern\nlohmann\json.hpp">
      <Filter>Header Files</Filter>
    </ClInclude>
    <ClInclude Include="include\pages\apps_list_page.hpp">
      <Filter>Header Files</Filter>
    </ClInclude>
    <ClInclude Include="include\pages\info_page.hpp">
      <Filter>Header Files</Filter>
    </ClInclude>
    <ClInclude Include="include\pages\intro_page.hpp">
      <Filter>Header Files</Filter>
    </ClInclude>
    <ClInclude Include="include\pages\issue_page.hpp">
      <Filter>Header Files</Filter>
    </ClInclude>
    <ClInclude Include="include\pages\layout_select_page.hpp">
      <Filter>Header Files</Filter>
    </ClInclude>
    <ClInclude Include="include\pages\main_page.hpp">
      <Filter>Header Files</Filter>
    </ClInclude>
    <ClInclude Include="include\pages\scanning_page.hpp">
      <Filter>Header Files</Filter>
    </ClInclude>
    <ClInclude Include="include\pages\updating_page.hpp">
      <Filter>Header Files</Filter>
    </ClInclude>
    <ClInclude Include="include\utils\base64.h">
      <Filter>Header Files</Filter>
    </ClInclude>
    <ClInclude Include="include\utils\blacklist.h">
      <Filter>Header Files</Filter>
    </ClInclude>
    <ClInclude Include="include\utils\favorites.h">
      <Filter>Header Files</Filter>
    </ClInclude>
    <ClInclude Include="include\utils\launching.h">
      <Filter>Header Files</Filter>
    </ClInclude>
    <ClInclude Include="include\utils\modules.h">
      <Filter>Header Files</Filter>
    </ClInclude>
    <ClInclude Include="include\utils\nacp_utils.h">
      <Filter>Header Files</Filter>
    </ClInclude>
    <ClInclude Include="include\utils\notes.h">
      <Filter>Header Files</Filter>
    </ClInclude>
    <ClInclude Include="include\utils\panels.h">
      <Filter>Header Files</Filter>
    </ClInclude>
    <ClInclude Include="include\utils\reboot_to_payload.h">
      <Filter>Header Files</Filter>
    </ClInclude>
    <ClInclude Include="include\utils\scanning.h">
      <Filter>Header Files</Filter>
    </ClInclude>
    <ClInclude Include="include\utils\settings.h">
      <Filter>Header Files</Filter>
    </ClInclude>
    <ClInclude Include="include\utils\update.h">
      <Filter>Header Files</Filter>
    </ClInclude>
    <ClInclude Include="include\utils\utilities.h">
      <Filter>Header Files</Filter>
    </ClInclude>
    <ClInclude Include="include\main.h">
      <Filter>Header Files</Filter>
    </ClInclude>
    <ClInclude Include="library\include\borealis\extern\glad\glad.h">
      <Filter>Header Files</Filter>
    </ClInclude>
    <ClInclude Include="library\include\borealis\extern\libretro-common\compat\strl.h">
      <Filter>Header Files</Filter>
    </ClInclude>
    <ClInclude Include="library\include\borealis\extern\libretro-common\encodings\utf.h">
      <Filter>Header Files</Filter>
    </ClInclude>
    <ClInclude Include="library\include\borealis\extern\libretro-common\features\features_cpu.h">
      <Filter>Header Files</Filter>
    </ClInclude>
    <ClInclude Include="library\include\borealis\extern\libretro-common\streams\file_stream.h">
      <Filter>Header Files</Filter>
    </ClInclude>
    <ClInclude Include="library\include\borealis\extern\libretro-common\string\stdstring.h">
      <Filter>Header Files</Filter>
    </ClInclude>
    <ClInclude Include="library\include\borealis\extern\libretro-common\boolean.h">
      <Filter>Header Files</Filter>
    </ClInclude>
    <ClInclude Include="library\include\borealis\extern\libretro-common\libretro.h">
      <Filter>Header Files</Filter>
    </ClInclude>
    <ClInclude Include="library\include\borealis\extern\libretro-common\retro_assert.h">
      <Filter>Header Files</Filter>
    </ClInclude>
    <ClInclude Include="library\include\borealis\extern\libretro-common\retro_common_api.h">
      <Filter>Header Files</Filter>
    </ClInclude>
    <ClInclude Include="library\include\borealis\extern\libretro-common\retro_inline.h">
      <Filter>Header Files</Filter>
    </ClInclude>
    <ClInclude Include="library\include\borealis\extern\libretro-common\retro_math.h">
      <Filter>Header Files</Filter>
    </ClInclude>
    <ClInclude Include="library\include\borealis\extern\libretro-common\retro_miscellaneous.h">
      <Filter>Header Files</Filter>
    </ClInclude>
    <ClInclude Include="library\include\borealis\extern\libretro-common\retro_timers.h">
      <Filter>Header Files</Filter>
    </ClInclude>
    <ClInclude Include="library\include\borealis\extern\nanovg\fontstash.h">
      <Filter>Header Files</Filter>
    </ClInclude>
    <ClInclude Include="library\include\borealis\extern\nanovg\nanovg.h">
      <Filter>Header Files</Filter>
    </ClInclude>
    <ClInclude Include="library\include\borealis\extern\nanovg\nanovg_gl.h">
      <Filter>Header Files</Filter>
    </ClInclude>
    <ClInclude Include="library\include\borealis\extern\nanovg\nanovg_gl_utils.h">
      <Filter>Header Files</Filter>
    </ClInclude>
    <ClInclude Include="library\include\borealis\extern\nanovg\stb_image.h">
      <Filter>Header Files</Filter>
    </ClInclude>
    <ClInclude Include="library\include\borealis\extern\nanovg\stb_truetype.h">
      <Filter>Header Files</Filter>
    </ClInclude>
    <ClInclude Include="library\include\borealis\extern\nlohmann\json.hpp">
      <Filter>Header Files</Filter>
    </ClInclude>
    <ClInclude Include="library\include\borealis\absolute_layout.hpp">
      <Filter>Header Files</Filter>
    </ClInclude>
    <ClInclude Include="library\include\borealis\actions.hpp">
      <Filter>Header Files</Filter>
    </ClInclude>
    <ClInclude Include="library\include\borealis\animations.hpp">
      <Filter>Header Files</Filter>
    </ClInclude>
    <ClInclude Include="library\include\borealis\applet_frame.hpp">
      <Filter>Header Files</Filter>
    </ClInclude>
    <ClInclude Include="library\include\borealis\application.hpp">
      <Filter>Header Files</Filter>
    </ClInclude>
    <ClInclude Include="library\include\borealis\background.hpp">
      <Filter>Header Files</Filter>
    </ClInclude>
    <ClInclude Include="library\include\borealis\box_layout.hpp">
      <Filter>Header Files</Filter>
    </ClInclude>
    <ClInclude Include="library\include\borealis\button.hpp">
      <Filter>Header Files</Filter>
    </ClInclude>
    <ClInclude Include="library\include\borealis\crash_frame.hpp">
      <Filter>Header Files</Filter>
    </ClInclude>
    <ClInclude Include="library\include\borealis\dialog.hpp">
      <Filter>Header Files</Filter>
    </ClInclude>
    <ClInclude Include="library\include\borealis\dropdown.hpp">
      <Filter>Header Files</Filter>
    </ClInclude>
    <ClInclude Include="library\include\borealis\event.hpp">
      <Filter>Header Files</Filter>
    </ClInclude>
    <ClInclude Include="library\include\borealis\frame_context.hpp">
      <Filter>Header Files</Filter>
    </ClInclude>
    <ClInclude Include="library\include\borealis\header.hpp">
      <Filter>Header Files</Filter>
    </ClInclude>
    <ClInclude Include="library\include\borealis\hint.hpp">
      <Filter>Header Files</Filter>
    </ClInclude>
    <ClInclude Include="library\include\borealis\i18n.hpp">
      <Filter>Header Files</Filter>
    </ClInclude>
    <ClInclude Include="library\include\borealis\image.hpp">
      <Filter>Header Files</Filter>
    </ClInclude>
    <ClInclude Include="library\include\borealis\label.hpp">
      <Filter>Header Files</Filter>
    </ClInclude>
    <ClInclude Include="library\include\borealis\layer_view.hpp">
      <Filter>Header Files</Filter>
    </ClInclude>
    <ClInclude Include="library\include\borealis\list.hpp">
      <Filter>Header Files</Filter>
    </ClInclude>
    <ClInclude Include="library\include\borealis\logger.hpp">
      <Filter>Header Files</Filter>
    </ClInclude>
    <ClInclude Include="library\include\borealis\material_icon.hpp">
      <Filter>Header Files</Filter>
    </ClInclude>
    <ClInclude Include="library\include\borealis\notification_manager.hpp">
      <Filter>Header Files</Filter>
    </ClInclude>
    <ClInclude Include="library\include\borealis\popup_frame.hpp">
      <Filter>Header Files</Filter>
    </ClInclude>
    <ClInclude Include="library\include\borealis\progress_display.hpp">
      <Filter>Header Files</Filter>
    </ClInclude>
    <ClInclude Include="library\include\borealis\progress_spinner.hpp">
      <Filter>Header Files</Filter>
    </ClInclude>
    <ClInclude Include="library\include\borealis\rectangle.hpp">
      <Filter>Header Files</Filter>
    </ClInclude>
    <ClInclude Include="library\include\borealis\repeating_task.hpp">
      <Filter>Header Files</Filter>
    </ClInclude>
    <ClInclude Include="library\include\borealis\scroll_view.hpp">
      <Filter>Header Files</Filter>
    </ClInclude>
    <ClInclude Include="library\include\borealis\sidebar.hpp">
      <Filter>Header Files</Filter>
    </ClInclude>
    <ClInclude Include="library\include\borealis\staged_applet_frame.hpp">
      <Filter>Header Files</Filter>
    </ClInclude>
    <ClInclude Include="library\include\borealis\style.hpp">
      <Filter>Header Files</Filter>
    </ClInclude>
    <ClInclude Include="library\include\borealis\swkbd.hpp">
      <Filter>Header Files</Filter>
    </ClInclude>
    <ClInclude Include="library\include\borealis\tab_frame.hpp">
      <Filter>Header Files</Filter>
    </ClInclude>
    <ClInclude Include="library\include\borealis\table.hpp">
      <Filter>Header Files</Filter>
    </ClInclude>
    <ClInclude Include="library\include\borealis\task_manager.hpp">
      <Filter>Header Files</Filter>
    </ClInclude>
    <ClInclude Include="library\include\borealis\theme.hpp">
      <Filter>Header Files</Filter>
    </ClInclude>
    <ClInclude Include="library\include\borealis\thumbnail_frame.hpp">
      <Filter>Header Files</Filter>
    </ClInclude>
    <ClInclude Include="library\include\borealis\view.hpp">
      <Filter>Header Files</Filter>
    </ClInclude>
    <ClInclude Include="library\include\borealis.hpp">
      <Filter>Header Files</Filter>
    </ClInclude>
    <ClInclude Include="library\lib\extern\fmt\include\fmt\chrono.h">
      <Filter>Header Files</Filter>
    </ClInclude>
    <ClInclude Include="library\lib\extern\fmt\include\fmt\color.h">
      <Filter>Header Files</Filter>
    </ClInclude>
    <ClInclude Include="library\lib\extern\fmt\include\fmt\compile.h">
      <Filter>Header Files</Filter>
    </ClInclude>
    <ClInclude Include="library\lib\extern\fmt\include\fmt\core.h">
      <Filter>Header Files</Filter>
    </ClInclude>
    <ClInclude Include="library\lib\extern\fmt\include\fmt\format.h">
      <Filter>Header Files</Filter>
    </ClInclude>
    <ClInclude Include="library\lib\extern\fmt\include\fmt\format-inl.h">
      <Filter>Header Files</Filter>
    </ClInclude>
    <ClInclude Include="library\lib\extern\fmt\include\fmt\locale.h">
      <Filter>Header Files</Filter>
    </ClInclude>
    <ClInclude Include="library\lib\extern\fmt\include\fmt\os.h">
      <Filter>Header Files</Filter>
    </ClInclude>
    <ClInclude Include="library\lib\extern\fmt\include\fmt\ostream.h">
      <Filter>Header Files</Filter>
    </ClInclude>
    <ClInclude Include="library\lib\extern\fmt\include\fmt\posix.h">
      <Filter>Header Files</Filter>
    </ClInclude>
    <ClInclude Include="library\lib\extern\fmt\include\fmt\printf.h">
      <Filter>Header Files</Filter>
    </ClInclude>
    <ClInclude Include="library\lib\extern\fmt\include\fmt\ranges.h">
      <Filter>Header Files</Filter>
    </ClInclude>
    <ClInclude Include="library\lib\extern\fmt\test\fuzzing\fuzzer_common.h">
      <Filter>Header Files</Filter>
    </ClInclude>
    <ClInclude Include="library\lib\extern\fmt\test\gmock\gmock.h">
      <Filter>Header Files</Filter>
    </ClInclude>
    <ClInclude Include="library\lib\extern\fmt\test\gtest\gtest.h">
      <Filter>Header Files</Filter>
    </ClInclude>
    <ClInclude Include="library\lib\extern\fmt\test\gtest\gtest-spi.h">
      <Filter>Header Files</Filter>
    </ClInclude>
    <ClInclude Include="library\lib\extern\fmt\test\gtest-extra.h">
      <Filter>Header Files</Filter>
    </ClInclude>
    <ClInclude Include="library\lib\extern\fmt\test\mock-allocator.h">
      <Filter>Header Files</Filter>
    </ClInclude>
    <ClInclude Include="library\lib\extern\fmt\test\posix-mock.h">
      <Filter>Header Files</Filter>
    </ClInclude>
    <ClInclude Include="library\lib\extern\fmt\test\scan.h">
      <Filter>Header Files</Filter>
    </ClInclude>
    <ClInclude Include="library\lib\extern\fmt\test\test-assert.h">
      <Filter>Header Files</Filter>
    </ClInclude>
    <ClInclude Include="library\lib\extern\fmt\test\util.h">
      <Filter>Header Files</Filter>
    </ClInclude>
    <ClInclude Include="include\extern\curl_win\curl.h">
      <Filter>Header Files</Filter>
    </ClInclude>
  </ItemGroup>
  <ItemGroup>
    <None Include="library\lib\extern\fmt\doc\_templates\layout.html" />
    <None Include="library\lib\extern\fmt\doc\_templates\search.html" />
    <None Include="library\lib\extern\fmt\doc\basic-bootstrap\layout.html" />
    <None Include="library\lib\extern\fmt\support\rtd\theme\layout.html" />
    <None Include=".clang-format" />
    <None Include=".gitattributes" />
    <None Include=".gitignore" />
    <None Include="borealis - copying" />
    <None Include="build_and_run.sh" />
    <None Include="CONTRIBUTING.md" />
    <None Include="LICENSE" />
    <None Include="README.md" />
    <None Include="homebrew_details.nro" />
    <None Include="homebrew_details.elf" />
    <None Include="homebrew_details.nacp" />
    <None Include="meson.build" />
  </ItemGroup>
  <ItemGroup>
    <ClCompile Include="library\lib\extern\fmt\src\format.cc">
      <Filter>Source Files</Filter>
    </ClCompile>
    <ClCompile Include="library\lib\extern\fmt\src\os.cc">
      <Filter>Source Files</Filter>
    </ClCompile>
    <ClCompile Include="library\lib\extern\fmt\test\add-subdirectory-test\main.cc">
      <Filter>Source Files</Filter>
    </ClCompile>
    <ClCompile Include="library\lib\extern\fmt\test\cuda-test\cpp14.cc">
      <Filter>Source Files</Filter>
    </ClCompile>
    <ClCompile Include="library\lib\extern\fmt\test\find-package-test\main.cc">
      <Filter>Source Files</Filter>
    </ClCompile>
    <ClCompile Include="library\lib\extern\fmt\test\fuzzing\chrono_duration.cpp">
      <Filter>Source Files</Filter>
    </ClCompile>
    <ClCompile Include="library\lib\extern\fmt\test\fuzzing\main.cpp">
      <Filter>Source Files</Filter>
    </ClCompile>
    <ClCompile Include="library\lib\extern\fmt\test\fuzzing\named_arg.cpp">
      <Filter>Source Files</Filter>
    </ClCompile>
    <ClCompile Include="library\lib\extern\fmt\test\fuzzing\one_arg.cpp">
      <Filter>Source Files</Filter>
    </ClCompile>
    <ClCompile Include="library\lib\extern\fmt\test\fuzzing\sprintf.cpp">
      <Filter>Source Files</Filter>
    </ClCompile>
    <ClCompile Include="library\lib\extern\fmt\test\fuzzing\two_args.cpp">
      <Filter>Source Files</Filter>
    </ClCompile>
    <ClCompile Include="library\lib\extern\fmt\test\assert-test.cc">
      <Filter>Source Files</Filter>
    </ClCompile>
    <ClCompile Include="library\lib\extern\fmt\test\chrono-test.cc">
      <Filter>Source Files</Filter>
    </ClCompile>
    <ClCompile Include="library\lib\extern\fmt\test\color-test.cc">
      <Filter>Source Files</Filter>
    </ClCompile>
    <ClCompile Include="library\lib\extern\fmt\test\compile-test.cc">
      <Filter>Source Files</Filter>
    </ClCompile>
    <ClCompile Include="library\lib\extern\fmt\test\core-test.cc">
      <Filter>Source Files</Filter>
    </ClCompile>
    <ClCompile Include="library\lib\extern\fmt\test\custom-formatter-test.cc">
      <Filter>Source Files</Filter>
    </ClCompile>
    <ClCompile Include="library\lib\extern\fmt\test\format-dyn-args-test.cc">
      <Filter>Source Files</Filter>
    </ClCompile>
    <ClCompile Include="library\lib\extern\fmt\test\format-impl-test.cc">
      <Filter>Source Files</Filter>
    </ClCompile>
    <ClCompile Include="library\lib\extern\fmt\test\format-test.cc">
      <Filter>Source Files</Filter>
    </ClCompile>
    <ClCompile Include="library\lib\extern\fmt\test\gmock-gtest-all.cc">
      <Filter>Source Files</Filter>
    </ClCompile>
    <ClCompile Include="library\lib\extern\fmt\test\grisu-test.cc">
      <Filter>Source Files</Filter>
    </ClCompile>
    <ClCompile Include="library\lib\extern\fmt\test\gtest-extra.cc">
      <Filter>Source Files</Filter>
    </ClCompile>
    <ClCompile Include="library\lib\extern\fmt\test\gtest-extra-test.cc">
      <Filter>Source Files</Filter>
    </ClCompile>
    <ClCompile Include="library\lib\extern\fmt\test\header-only-test.cc">
      <Filter>Source Files</Filter>
    </ClCompile>
    <ClCompile Include="library\lib\extern\fmt\test\header-only-test2.cc">
      <Filter>Source Files</Filter>
    </ClCompile>
    <ClCompile Include="library\lib\extern\fmt\test\locale-test.cc">
      <Filter>Source Files</Filter>
    </ClCompile>
    <ClCompile Include="library\lib\extern\fmt\test\os-test.cc">
      <Filter>Source Files</Filter>
    </ClCompile>
    <ClCompile Include="library\lib\extern\fmt\test\ostream-test.cc">
      <Filter>Source Files</Filter>
    </ClCompile>
    <ClCompile Include="library\lib\extern\fmt\test\posix-mock-test.cc">
      <Filter>Source Files</Filter>
    </ClCompile>
    <ClCompile Include="library\lib\extern\fmt\test\printf-test.cc">
      <Filter>Source Files</Filter>
    </ClCompile>
    <ClCompile Include="library\lib\extern\fmt\test\ranges-test.cc">
      <Filter>Source Files</Filter>
    </ClCompile>
    <ClCompile Include="library\lib\extern\fmt\test\scan-test.cc">
      <Filter>Source Files</Filter>
    </ClCompile>
    <ClCompile Include="library\lib\extern\fmt\test\std-format-test.cc">
      <Filter>Source Files</Filter>
    </ClCompile>
    <ClCompile Include="library\lib\extern\fmt\test\test-main.cc">
      <Filter>Source Files</Filter>
    </ClCompile>
    <ClCompile Include="library\lib\extern\fmt\test\util.cc">
      <Filter>Source Files</Filter>
    </ClCompile>
    <ClCompile Include="library\lib\extern\glad\glad.c">
      <Filter>Source Files</Filter>
    </ClCompile>
    <ClCompile Include="library\lib\extern\libretro-common\compat\compat_strl.c">
      <Filter>Source Files</Filter>
    </ClCompile>
    <ClCompile Include="library\lib\extern\libretro-common\encodings\encoding_utf.c">
      <Filter>Source Files</Filter>
    </ClCompile>
    <ClCompile Include="library\lib\extern\libretro-common\features\features_cpu.c">
      <Filter>Source Files</Filter>
    </ClCompile>
    <ClCompile Include="library\lib\extern\nanovg\nanovg.c">
      <Filter>Source Files</Filter>
    </ClCompile>
    <ClCompile Include="library\lib\extern\nxfmtwrapper\format.cpp">
      <Filter>Source Files</Filter>
    </ClCompile>
    <ClCompile Include="library\lib\absolute_layout.cpp">
      <Filter>Source Files</Filter>
    </ClCompile>
    <ClCompile Include="library\lib\animations.cpp">
      <Filter>Source Files</Filter>
    </ClCompile>
    <ClCompile Include="library\lib\applet_frame.cpp">
      <Filter>Source Files</Filter>
    </ClCompile>
    <ClCompile Include="library\lib\application.cpp">
      <Filter>Source Files</Filter>
    </ClCompile>
    <ClCompile Include="library\lib\box_layout.cpp">
      <Filter>Source Files</Filter>
    </ClCompile>
    <ClCompile Include="library\lib\button.cpp">
      <Filter>Source Files</Filter>
    </ClCompile>
    <ClCompile Include="library\lib\crash_frame.cpp">
      <Filter>Source Files</Filter>
    </ClCompile>
    <ClCompile Include="library\lib\dialog.cpp">
      <Filter>Source Files</Filter>
    </ClCompile>
    <ClCompile Include="library\lib\dropdown.cpp">
      <Filter>Source Files</Filter>
    </ClCompile>
    <ClCompile Include="library\lib\header.cpp">
      <Filter>Source Files</Filter>
    </ClCompile>
    <ClCompile Include="library\lib\hint.cpp">
      <Filter>Source Files</Filter>
    </ClCompile>
    <ClCompile Include="library\lib\i18n.cpp">
      <Filter>Source Files</Filter>
    </ClCompile>
    <ClCompile Include="library\lib\image.cpp">
      <Filter>Source Files</Filter>
    </ClCompile>
    <ClCompile Include="library\lib\label.cpp">
      <Filter>Source Files</Filter>
    </ClCompile>
    <ClCompile Include="library\lib\layer_view.cpp">
      <Filter>Source Files</Filter>
    </ClCompile>
    <ClCompile Include="library\lib\list.cpp">
      <Filter>Source Files</Filter>
    </ClCompile>
    <ClCompile Include="library\lib\logger.cpp">
      <Filter>Source Files</Filter>
    </ClCompile>
    <ClCompile Include="library\lib\material_icon.cpp">
      <Filter>Source Files</Filter>
    </ClCompile>
    <ClCompile Include="library\lib\notification_manager.cpp">
      <Filter>Source Files</Filter>
    </ClCompile>
    <ClCompile Include="library\lib\popup_frame.cpp">
      <Filter>Source Files</Filter>
    </ClCompile>
    <ClCompile Include="library\lib\progress_display.cpp">
      <Filter>Source Files</Filter>
    </ClCompile>
    <ClCompile Include="library\lib\progress_spinner.cpp">
      <Filter>Source Files</Filter>
    </ClCompile>
    <ClCompile Include="library\lib\rectangle.cpp">
      <Filter>Source Files</Filter>
    </ClCompile>
    <ClCompile Include="library\lib\repeating_task.cpp">
      <Filter>Source Files</Filter>
    </ClCompile>
    <ClCompile Include="library\lib\scroll_view.cpp">
      <Filter>Source Files</Filter>
    </ClCompile>
    <ClCompile Include="library\lib\sidebar.cpp">
      <Filter>Source Files</Filter>
    </ClCompile>
    <ClCompile Include="library\lib\staged_applet_frame.cpp">
      <Filter>Source Files</Filter>
    </ClCompile>
    <ClCompile Include="library\lib\style.cpp">
      <Filter>Source Files</Filter>
    </ClCompile>
    <ClCompile Include="library\lib\switch_wrapper.c">
      <Filter>Source Files</Filter>
    </ClCompile>
    <ClCompile Include="library\lib\swkbd.cpp">
      <Filter>Source Files</Filter>
    </ClCompile>
    <ClCompile Include="library\lib\tab_frame.cpp">
      <Filter>Source Files</Filter>
    </ClCompile>
    <ClCompile Include="library\lib\table.cpp">
      <Filter>Source Files</Filter>
    </ClCompile>
    <ClCompile Include="library\lib\task_manager.cpp">
      <Filter>Source Files</Filter>
    </ClCompile>
    <ClCompile Include="library\lib\theme.cpp">
      <Filter>Source Files</Filter>
    </ClCompile>
    <ClCompile Include="library\lib\thumbnail_frame.cpp">
      <Filter>Source Files</Filter>
    </ClCompile>
    <ClCompile Include="library\lib\view.cpp">
      <Filter>Source Files</Filter>
    </ClCompile>
    <ClCompile Include="src\pages\apps_list_page.cpp">
      <Filter>Source Files</Filter>
    </ClCompile>
    <ClCompile Include="src\pages\info_page.cpp">
      <Filter>Source Files</Filter>
    </ClCompile>
    <ClCompile Include="src\pages\intro_page.cpp">
      <Filter>Source Files</Filter>
    </ClCompile>
    <ClCompile Include="src\pages\issue_page.cpp">
      <Filter>Source Files</Filter>
    </ClCompile>
    <ClCompile Include="src\pages\layout_select_page.cpp">
      <Filter>Source Files</Filter>
    </ClCompile>
    <ClCompile Include="src\pages\main_page.cpp">
      <Filter>Source Files</Filter>
    </ClCompile>
    <ClCompile Include="src\pages\scanning_page.cpp">
      <Filter>Source Files</Filter>
    </ClCompile>
    <ClCompile Include="src\pages\updating_page.cpp">
      <Filter>Source Files</Filter>
    </ClCompile>
    <ClCompile Include="src\utils\base64.cpp">
      <Filter>Source Files</Filter>
    </ClCompile>
    <ClCompile Include="src\utils\blacklist.cpp">
      <Filter>Source Files</Filter>
    </ClCompile>
    <ClCompile Include="src\utils\favorites.cpp">
      <Filter>Source Files</Filter>
    </ClCompile>
    <ClCompile Include="src\utils\launching.cpp">
      <Filter>Source Files</Filter>
    </ClCompile>
    <ClCompile Include="src\utils\modules.cpp">
      <Filter>Source Files</Filter>
    </ClCompile>
    <ClCompile Include="src\utils\nacp_utils.cpp">
      <Filter>Source Files</Filter>
    </ClCompile>
    <ClCompile Include="src\utils\notes.cpp">
      <Filter>Source Files</Filter>
    </ClCompile>
    <ClCompile Include="src\utils\panels.cpp">
      <Filter>Source Files</Filter>
    </ClCompile>
    <ClCompile Include="src\utils\reboot_to_payload.cpp">
      <Filter>Source Files</Filter>
    </ClCompile>
    <ClCompile Include="src\utils\scanning.cpp">
      <Filter>Source Files</Filter>
    </ClCompile>
    <ClCompile Include="src\utils\settings.cpp">
      <Filter>Source Files</Filter>
    </ClCompile>
    <ClCompile Include="src\utils\update.cpp">
      <Filter>Source Files</Filter>
    </ClCompile>
    <ClCompile Include="src\utils\utilities.cpp">
      <Filter>Source Files</Filter>
    </ClCompile>
    <ClCompile Include="src\main.cpp">
      <Filter>Source Files</Filter>
    </ClCompile>
    <ClCompile Include="src\nacp_win.cpp">
      <Filter>Source Files</Filter>
    </ClCompile>
  </ItemGroup>
  <ItemGroup>
    <Text Include="Makefile" />
  </ItemGroup>
</Project>